github.com/go-json-experiment/json v0.0.0-20240524174822-2d9f40f7385b h1:IM96IiRXFcd7l+mU8Sys9pcggoBLbH/dEgzOESrS8F8=
github.com/go-json-experiment/json v0.0.0-20240524174822-2d9f40f7385b/go.mod h1:uDEMZSTQMj7V6Lxdrx4ZwchmHEGdICbjuY+GQd7j9LM=
github.com/mattn/go-sqlite3 v1.14.22 h1:2gZY6PC6kBnID23Tichd1K+Z0oS6nE/XwU+Vz/5o4kU=
github.com/mattn/go-sqlite3 v1.14.22/go.mod h1:Uh1q+B4BYcTPb+yiD3kU8Ct7aC0hY9fxUwlHK0RXw+Y=
